
Microsoft Visual Studio Solution File, Format Version 12.00
# Visual Studio 2012
Project("{FAE04EC0-301F-11D3-BF4B-00C04F79EFBC}") = "PS4_AC1D_Flash-Tool", "PS4_AC1D_Flash-Tool\PS4_AC1D_Flash-Tool.csproj", "{797D1665-B1C1-4EC5-966E-93228043CC93}"
EndProject
Global
	GlobalSection(TeamFoundationVersionControl) = preSolution
		SccNumberOfProjects = 2
		SccEnterpriseProvider = {4CA58AB2-18FA-4F8D-95D4-32DDF27D184C}
		SccTeamFoundationServer = https://kdsbest.visualstudio.com/defaultcollection
		SccLocalPath0 = .
		SccProjectUniqueName1 = PS4_AC1D_Flash-Tool\\PS4_AC1D_Flash-Tool.csproj
		SccProjectName1 = PS4_AC1D_Flash-Tool
		SccLocalPath1 = PS4_AC1D_Flash-Tool
	EndGlobalSection
	GlobalSection(SolutionConfigurationPlatforms) = preSolution
		Debug|Any CPU = Debug|Any CPU
		Release|Any CPU = Release|Any CPU
	EndGlobalSection
	GlobalSection(ProjectConfigurationPlatforms) = postSolution
		{797D1665-B1C1-4EC5-966E-93228043CC93}.Debug|Any CPU.ActiveCfg = Debug|Any CPU
		{797D1665-B1C1-4EC5-966E-93228043CC93}.Debug|Any CPU.Build.0 = Debug|Any CPU
		{797D1665-B1C1-4EC5-966E-93228043CC93}.Release|Any CPU.ActiveCfg = Release|Any CPU
		{797D1665-B1C1-4EC5-966E-93228043CC93}.Release|Any CPU.Build.0 = Release|Any CPU
	EndGlobalSection
	GlobalSection(SolutionProperties) = preSolution
		HideSolutionNode = FALSE
	EndGlobalSection
EndGlobal
